PODS:
  - Alamofire (5.6.2)
  - KakaJSON (1.1.2)
  - Kingfisher (7.4.1)
  - MJRefresh (3.7.5)
  - RxCocoa (5.1.3):
    - RxRelay (~> 5)
    - RxSwift (~> 5)
  - RxRelay (5.1.3):
    - RxSwift (~> 5)
  - RxSwift (5.1.3)
  - SwiftyJSON (5.0.1)

DEPENDENCIES:
  - Alamofire
  - KakaJSON (~> 1.1.2)
  - Kingfisher
  - MJRefresh
  - RxCocoa (~> 5)
  - RxSwift (~> 5)
  - SwiftyJSON

SPEC REPOS:
  trunk:
    - Alamofire
    - KakaJSON
    - Kingfisher
    - MJRefresh
    - RxCocoa
    - RxRelay
    - RxSwift
    - SwiftyJSON

SPEC CHECKSUMS:
  Alamofire: d368e1ff8a298e6dde360e35a3e68e6c610e7204
  KakaJSON: cc5ff50a8c1cfbb09413db8496cb709a209e6137
  Kingfisher: cd762a593a61b2fbecf7645c00f9a801a3ebfc9c
  MJRefresh: fdf5e979eb406a0341468932d1dfc8b7f9fce961
  RxCocoa: e2ed092d5432e4296aa818021d27de4090ac0354
  RxRelay: 5a18c2eb2d68326ebaf0112f80d837ae41b92b97
  RxSwift: 915abbdfb62214aa89ccd0b194d44fb478019b27
  SwiftyJSON: 2f33a42c6fbc52764d96f13368585094bfd8aa5e

PODFILE CHECKSUM: ae0b7d3e65a31a1085da02514fb03d009d436148

COCOAPODS: 1.11.3
